
Microsoft Visual Studio Solution File, Format Version 12.00
# Visual Studio 15
VisualStudioVersion = 15.0.27428.2027
MinimumVisualStudioVersion = 10.0.40219.1
Project("{FAE04EC0-301F-11D3-BF4B-00C04F79EFBC}") = "FCFLUC001", "FCFLUC001\FCFLUC001.csproj", "{91F1F8A8-54DD-4DA7-8F0A-CA5ABA19D266}"
EndProject
Project("{FAE04EC0-301F-11D3-BF4B-00C04F79EFBC}") = "FCFLUC001.Tests", "FCFLUC001.Tests\FCFLUC001.Tests.csproj", "{B9A3AFAB-1203-4EDA-BDC5-9CD80871BE64}"
EndProject
Global
	GlobalSection(SolutionConfigurationPlatforms) = preSolution
		Debug|Any CPU = Debug|Any CPU
		Release|Any CPU = Release|Any CPU
	EndGlobalSection
	GlobalSection(ProjectConfigurationPlatforms) = postSolution
		{91F1F8A8-54DD-4DA7-8F0A-CA5ABA19D266}.Debug|Any CPU.ActiveCfg = Debug|Any CPU
		{91F1F8A8-54DD-4DA7-8F0A-CA5ABA19D266}.Debug|Any CPU.Build.0 = Debug|Any CPU
		{91F1F8A8-54DD-4DA7-8F0A-CA5ABA19D266}.Release|Any CPU.ActiveCfg = Release|Any CPU
		{91F1F8A8-54DD-4DA7-8F0A-CA5ABA19D266}.Release|Any CPU.Build.0 = Release|Any CPU
		{B9A3AFAB-1203-4EDA-BDC5-9CD80871BE64}.Debug|Any CPU.ActiveCfg = Debug|Any CPU
		{B9A3AFAB-1203-4EDA-BDC5-9CD80871BE64}.Debug|Any CPU.Build.0 = Debug|Any CPU
		{B9A3AFAB-1203-4EDA-BDC5-9CD80871BE64}.Release|Any CPU.ActiveCfg = Release|Any CPU
		{B9A3AFAB-1203-4EDA-BDC5-9CD80871BE64}.Release|Any CPU.Build.0 = Release|Any CPU
	EndGlobalSection
	GlobalSection(SolutionProperties) = preSolution
		HideSolutionNode = FALSE
	EndGlobalSection
	GlobalSection(ExtensibilityGlobals) = postSolution
		SolutionGuid = {4B1E35AF-2A32-49BB-8450-DF2920AD50E1}
	EndGlobalSection
EndGlobal
